schema: '2.0'
stages:
  load_and_save:
    cmd:
    - python src/stage_01_load_save.py --config=config/config.yaml
    deps:
    - path: config/config.yaml
      md5: 5edb6772de6a7bf86aa3d9c40e06d62f
      size: 443
    - path: src/stage_01_load_save.py
      md5: fc57435284f15c8b76326f46c602c2ad
      size: 1669
    - path: src/utils/all_utils.py
      md5: cc08f1db70168930bc4debd243ab047c
      size: 586
    outs:
    - path: data
      md5: a52ad4b30715598bfd754e3e9c51ef2c.dir
      size: 37934943
      nfiles: 277
  prepare_base_model:
    cmd:
    - python src/stage_02_prepare_base_model.py --config=config/config.yaml --params=params.yaml
    deps:
    - path: config/config.yaml
      md5: 5edb6772de6a7bf86aa3d9c40e06d62f
      size: 443
    - path: data
      md5: a52ad4b30715598bfd754e3e9c51ef2c.dir
      size: 37934943
      nfiles: 277
    - path: src/stage_02_prepare_base_model.py
      md5: 455e3c8b67391b9beb3a03b4edc4d755
      size: 2324
    - path: src/utils/all_utils.py
      md5: cc08f1db70168930bc4debd243ab047c
      size: 586
    - path: src/utils/models.py
      md5: edd738eda49cfae4edc3abf03e4b99da
      size: 1723
    params:
      params.yaml:
        CLASSES: 2
        IMAGE_SIZE:
        - 224
        - 224
        - 3
        LEARNING_RATE: 0.001
    outs:
    - path: artifacts\base_model
      md5: 69669d162a8293b3a46c400ea6d1855c.dir
      size: 118054232
      nfiles: 2
  prepare_callbacks:
    cmd:
    - python src/stage_03_prepare_callback.py --config=config/config.yaml --params=params.yaml
    deps:
    - path: config/config.yaml
      md5: 5edb6772de6a7bf86aa3d9c40e06d62f
      size: 443
    - path: params.yaml
      md5: 82e81e0ebed53fdd52206433ac6db245
      size: 107
    - path: src/stage_03_prepare_callback.py
      md5: 9f4325f7fd1cb3b5b61a6dbebfb89f87
      size: 1753
    - path: src/utils/all_utils.py
      md5: cc08f1db70168930bc4debd243ab047c
      size: 586
    - path: src/utils/callbacks.py
      md5: 867b1ecbb7b672e227c442a775398020
      size: 1439
    outs:
    - path: artifacts\callbacks
      md5: 0471d6d310e4aa5a66734535a8f8b8a0.dir
      size: 1502
      nfiles: 2
